
Microsoft Visual Studio Solution File, Format Version 12.00
# Visual Studio Version 17
VisualStudioVersion = 17.2.32616.157
MinimumVisualStudioVersion = 10.0.40219.1
Project("{9A19103F-16F7-4668-BE54-9A1E7A4F7556}") = "ChatApp", "ChatApp\ChatApp.csproj", "{F8F2DFC1-9017-4A8E-8337-9A1C961B2EAB}"
EndProject
Project("{9A19103F-16F7-4668-BE54-9A1E7A4F7556}") = "StockChatBot", "FinanceChatBot\StockChatBot.csproj", "{0FB91890-94F2-4C27-8C4B-CCCDE3E3105D}"
EndProject
Project("{9A19103F-16F7-4668-BE54-9A1E7A4F7556}") = "StockChatBotTests", "StockChatBotTests\StockChatBotTests.csproj", "{EA5FAE45-BFA0-4F24-9735-BA0A13C3696A}"
EndProject
Project("{9A19103F-16F7-4668-BE54-9A1E7A4F7556}") = "ChatApp.Infrastructure", "ChatApp.Infrastructure\ChatApp.Infrastructure.csproj", "{0D49E9C2-7445-48E8-8945-EA0E3C032E68}"
EndProject
Project("{9A19103F-16F7-4668-BE54-9A1E7A4F7556}") = "ChatApp.Domain", "ChatApp.Domain\ChatApp.Domain.csproj", "{765D6D9F-4860-446A-895C-2C88D3C3FED2}"
EndProject
Project("{2150E333-8FDC-42A3-9474-1A3956D46DE8}") = "Solution Items", "Solution Items", "{72E93289-7565-42D1-9D1E-6882369C3B33}"
	ProjectSection(SolutionItems) = preProject
		Readme.txt = Readme.txt
	EndProjectSection
EndProject
Global
	GlobalSection(SolutionConfigurationPlatforms) = preSolution
		Debug|Any CPU = Debug|Any CPU
		Release|Any CPU = Release|Any CPU
	EndGlobalSection
	GlobalSection(ProjectConfigurationPlatforms) = postSolution
		{F8F2DFC1-9017-4A8E-8337-9A1C961B2EAB}.Debug|Any CPU.ActiveCfg = Debug|Any CPU
		{F8F2DFC1-9017-4A8E-8337-9A1C961B2EAB}.Debug|Any CPU.Build.0 = Debug|Any CPU
		{F8F2DFC1-9017-4A8E-8337-9A1C961B2EAB}.Release|Any CPU.ActiveCfg = Release|Any CPU
		{F8F2DFC1-9017-4A8E-8337-9A1C961B2EAB}.Release|Any CPU.Build.0 = Release|Any CPU
		{0FB91890-94F2-4C27-8C4B-CCCDE3E3105D}.Debug|Any CPU.ActiveCfg = Debug|Any CPU
		{0FB91890-94F2-4C27-8C4B-CCCDE3E3105D}.Debug|Any CPU.Build.0 = Debug|Any CPU
		{0FB91890-94F2-4C27-8C4B-CCCDE3E3105D}.Release|Any CPU.ActiveCfg = Release|Any CPU
		{0FB91890-94F2-4C27-8C4B-CCCDE3E3105D}.Release|Any CPU.Build.0 = Release|Any CPU
		{EA5FAE45-BFA0-4F24-9735-BA0A13C3696A}.Debug|Any CPU.ActiveCfg = Debug|Any CPU
		{EA5FAE45-BFA0-4F24-9735-BA0A13C3696A}.Debug|Any CPU.Build.0 = Debug|Any CPU
		{EA5FAE45-BFA0-4F24-9735-BA0A13C3696A}.Release|Any CPU.ActiveCfg = Release|Any CPU
		{EA5FAE45-BFA0-4F24-9735-BA0A13C3696A}.Release|Any CPU.Build.0 = Release|Any CPU
		{0D49E9C2-7445-48E8-8945-EA0E3C032E68}.Debug|Any CPU.ActiveCfg = Debug|Any CPU
		{0D49E9C2-7445-48E8-8945-EA0E3C032E68}.Debug|Any CPU.Build.0 = Debug|Any CPU
		{0D49E9C2-7445-48E8-8945-EA0E3C032E68}.Release|Any CPU.ActiveCfg = Release|Any CPU
		{0D49E9C2-7445-48E8-8945-EA0E3C032E68}.Release|Any CPU.Build.0 = Release|Any CPU
		{765D6D9F-4860-446A-895C-2C88D3C3FED2}.Debug|Any CPU.ActiveCfg = Debug|Any CPU
		{765D6D9F-4860-446A-895C-2C88D3C3FED2}.Debug|Any CPU.Build.0 = Debug|Any CPU
		{765D6D9F-4860-446A-895C-2C88D3C3FED2}.Release|Any CPU.ActiveCfg = Release|Any CPU
		{765D6D9F-4860-446A-895C-2C88D3C3FED2}.Release|Any CPU.Build.0 = Release|Any CPU
	EndGlobalSection
	GlobalSection(SolutionProperties) = preSolution
		HideSolutionNode = FALSE
	EndGlobalSection
	GlobalSection(ExtensibilityGlobals) = postSolution
		SolutionGuid = {0EA73D4C-4950-4CC2-A6A2-20CB956740D8}
	EndGlobalSection
EndGlobal
